# This file is automatically generated by Poetry.
[[package]]
name = "asgiref"
version = "3.8.1"
description = "ASGI specs, helper code, and adapters"
optional = false
python-versions = ">=3.8"
files = []

[[package]]
name = "django"
version = "5.0.6"
description = "A high-level Python web framework."
optional = false
python-versions = ">=3.10"
files = []

[[package]]
name = "sqlparse"
version = "0.5.0"
description = "A non-validating SQL parser."
optional = false
python-versions = ">=3.8"
files = []

[metadata]
lock-version = "2.0"
python-versions = "^3.11"
content-hash = "a7cb9f7a0e2a439eabaa"
